
Microsoft Visual Studio Solution File, Format Version 12.00
# Visual Studio Version 17
VisualStudioVersion = 17.9.34616.47
MinimumVisualStudioVersion = 10.0.40219.1
Project("{FAE04EC0-301F-11D3-BF4B-00C04F79EFBC}") = "UDPTest", "UDPTest.csproj", "{1CAA0F40-939A-4551-BF19-46D6A4D6EA05}"
EndProject
Global
	GlobalSection(SolutionConfigurationPlatforms) = preSolution
		Debug|Any CPU = Debug|Any CPU
		Release|Any CPU = Release|Any CPU
	EndGlobalSection
	GlobalSection(ProjectConfigurationPlatforms) = postSolution
		{1CAA0F40-939A-4551-BF19-46D6A4D6EA05}.Debug|Any CPU.ActiveCfg = Debug|Any CPU
		{1CAA0F40-939A-4551-BF19-46D6A4D6EA05}.Debug|Any CPU.Build.0 = Debug|Any CPU
		{1CAA0F40-939A-4551-BF19-46D6A4D6EA05}.Release|Any CPU.ActiveCfg = Release|Any CPU
		{1CAA0F40-939A-4551-BF19-46D6A4D6EA05}.Release|Any CPU.Build.0 = Release|Any CPU
	EndGlobalSection
	GlobalSection(SolutionProperties) = preSolution
		HideSolutionNode = FALSE
	EndGlobalSection
	GlobalSection(ExtensibilityGlobals) = postSolution
		SolutionGuid = {0AAF4308-B4B2-4CA9-A479-A80A181139B8}
	EndGlobalSection
EndGlobal
