
Microsoft Visual Studio Solution File, Format Version 12.00
# Visual Studio Version 17
VisualStudioVersion = 17.8.34330.188
MinimumVisualStudioVersion = 10.0.40219.1
Project("{9A19103F-16F7-4668-BE54-9A1E7A4F7556}") = "MBotSoftware", "MBotSoftware.csproj", "{CC781048-F567-4D6F-8431-5E34FDA6836D}"
EndProject
Project("{9A19103F-16F7-4668-BE54-9A1E7A4F7556}") = "MBotSoftware.Android", "..\MBotSoftware.Android\MBotSoftware.Android.csproj", "{CA500A70-2777-45CF-AD14-DF83DEA6A046}"
EndProject
Project("{9A19103F-16F7-4668-BE54-9A1E7A4F7556}") = "MBotSoftware.Desktop", "..\MBotSoftware.Desktop\MBotSoftware.Desktop.csproj", "{B1CDFD0C-0168-4496-8E35-3390597D6ABE}"
EndProject
Project("{9A19103F-16F7-4668-BE54-9A1E7A4F7556}") = "MBotSoftware.iOS", "..\MBotSoftware.iOS\MBotSoftware.iOS.csproj", "{2AFB7FFA-1D55-4BA0-80EA-5A0776575A2D}"
EndProject
Global
	GlobalSection(SolutionConfigurationPlatforms) = preSolution
		Debug|Any CPU = Debug|Any CPU
		Release|Any CPU = Release|Any CPU
	EndGlobalSection
	GlobalSection(ProjectConfigurationPlatforms) = postSolution
		{CC781048-F567-4D6F-8431-5E34FDA6836D}.Debug|Any CPU.ActiveCfg = Debug|Any CPU
		{CC781048-F567-4D6F-8431-5E34FDA6836D}.Debug|Any CPU.Build.0 = Debug|Any CPU
		{CC781048-F567-4D6F-8431-5E34FDA6836D}.Release|Any CPU.ActiveCfg = Release|Any CPU
		{CC781048-F567-4D6F-8431-5E34FDA6836D}.Release|Any CPU.Build.0 = Release|Any CPU
		{CA500A70-2777-45CF-AD14-DF83DEA6A046}.Debug|Any CPU.ActiveCfg = Debug|Any CPU
		{CA500A70-2777-45CF-AD14-DF83DEA6A046}.Debug|Any CPU.Build.0 = Debug|Any CPU
		{CA500A70-2777-45CF-AD14-DF83DEA6A046}.Debug|Any CPU.Deploy.0 = Debug|Any CPU
		{CA500A70-2777-45CF-AD14-DF83DEA6A046}.Release|Any CPU.ActiveCfg = Release|Any CPU
		{CA500A70-2777-45CF-AD14-DF83DEA6A046}.Release|Any CPU.Build.0 = Release|Any CPU
		{CA500A70-2777-45CF-AD14-DF83DEA6A046}.Release|Any CPU.Deploy.0 = Release|Any CPU
		{B1CDFD0C-0168-4496-8E35-3390597D6ABE}.Debug|Any CPU.ActiveCfg = Debug|Any CPU
		{B1CDFD0C-0168-4496-8E35-3390597D6ABE}.Debug|Any CPU.Build.0 = Debug|Any CPU
		{B1CDFD0C-0168-4496-8E35-3390597D6ABE}.Release|Any CPU.ActiveCfg = Release|Any CPU
		{B1CDFD0C-0168-4496-8E35-3390597D6ABE}.Release|Any CPU.Build.0 = Release|Any CPU
		{2AFB7FFA-1D55-4BA0-80EA-5A0776575A2D}.Debug|Any CPU.ActiveCfg = Debug|Any CPU
		{2AFB7FFA-1D55-4BA0-80EA-5A0776575A2D}.Debug|Any CPU.Build.0 = Debug|Any CPU
		{2AFB7FFA-1D55-4BA0-80EA-5A0776575A2D}.Debug|Any CPU.Deploy.0 = Debug|Any CPU
		{2AFB7FFA-1D55-4BA0-80EA-5A0776575A2D}.Release|Any CPU.ActiveCfg = Release|Any CPU
		{2AFB7FFA-1D55-4BA0-80EA-5A0776575A2D}.Release|Any CPU.Build.0 = Release|Any CPU
		{2AFB7FFA-1D55-4BA0-80EA-5A0776575A2D}.Release|Any CPU.Deploy.0 = Release|Any CPU
	EndGlobalSection
	GlobalSection(SolutionProperties) = preSolution
		HideSolutionNode = FALSE
	EndGlobalSection
	GlobalSection(ExtensibilityGlobals) = postSolution
		SolutionGuid = {D8F5413A-0466-4979-A51C-DC96DDCFC86C}
	EndGlobalSection
EndGlobal
